PODS:
  - CNIOAtomics (2.16.0)
  - CNIODarwin (2.16.0)
  - CNIOHTTPParser (2.16.0)
  - CNIOLinux (2.16.0)
  - CNIOSHA1 (2.16.0)
  - ElasticSwift (1.0.0-alpha.11):
    - ElasticSwiftCodableUtils (= 1.0.0-alpha.11)
    - ElasticSwiftCore (= 1.0.0-alpha.11)
    - ElasticSwiftNetworking (= 1.0.0-alpha.11)
    - ElasticSwiftQueryDSL (= 1.0.0-alpha.11)
    - Logging (~> 1.2)
    - SwiftNIO (~> 2.14)
    - SwiftNIOConcurrencyHelpers (~> 2.14)
    - SwiftNIOFoundationCompat (~> 2.14)
    - SwiftNIOHTTP1 (~> 2.14)
    - SwiftNIOTLS (~> 2.14)
    - SwiftNIOTransportServices (~> 1.3)
  - ElasticSwiftCodableUtils (1.0.0-alpha.11)
  - ElasticSwiftCore (1.0.0-alpha.11):
    - Logging (~> 1.2)
    - SwiftNIO (~> 2.14)
    - SwiftNIOHTTP1 (~> 2.14)
  - ElasticSwiftNetworking (1.0.0-alpha.11):
    - ElasticSwiftCore (= 1.0.0-alpha.11)
    - Logging (~> 1.2)
    - SwiftNIOHTTP1 (~> 2.14)
  - ElasticSwiftQueryDSL (1.0.0-alpha.11):
    - ElasticSwiftCodableUtils (= 1.0.0-alpha.11)
    - ElasticSwiftCore (= 1.0.0-alpha.11)
    - Logging (~> 1.2)
  - Logging (1.2.0)
  - SwiftNIO (2.16.0):
    - CNIOAtomics (= 2.16.0)
    - CNIODarwin (= 2.16.0)
    - CNIOLinux (= 2.16.0)
    - CNIOSHA1 (= 2.16.0)
    - SwiftNIOConcurrencyHelpers (= 2.16.0)
  - SwiftNIOConcurrencyHelpers (2.16.0):
    - CNIOAtomics (= 2.16.0)
  - SwiftNIOFoundationCompat (2.16.0):
    - SwiftNIO (= 2.16.0)
  - SwiftNIOHTTP1 (2.16.0):
    - CNIOHTTPParser (= 2.16.0)
    - SwiftNIO (= 2.16.0)
    - SwiftNIOConcurrencyHelpers (= 2.16.0)
  - SwiftNIOTLS (2.16.0):
    - SwiftNIO (= 2.16.0)
  - SwiftNIOTransportServices (1.5.1):
    - SwiftNIO (~> 2.0)
    - SwiftNIOConcurrencyHelpers (~> 2.0)
    - SwiftNIOFoundationCompat (~> 2.0)
    - SwiftNIOTLS (~> 2.0)

DEPENDENCIES:
  - ElasticSwift (~> 1.0.0-alpha.11)
  - ElasticSwiftCodableUtils (~> 1.0.0-alpha.11)
  - ElasticSwiftCore (~> 1.0.0-alpha.11)
  - ElasticSwiftNetworking (~> 1.0.0-alpha.11)
  - ElasticSwiftQueryDSL (~> 1.0.0-alpha.11)

SPEC REPOS:
  trunk:
    - CNIOAtomics
    - CNIODarwin
    - CNIOHTTPParser
    - CNIOLinux
    - CNIOSHA1
    - ElasticSwift
    - ElasticSwiftCodableUtils
    - ElasticSwiftCore
    - ElasticSwiftNetworking
    - ElasticSwiftQueryDSL
    - Logging
    - SwiftNIO
    - SwiftNIOConcurrencyHelpers
    - SwiftNIOFoundationCompat
    - SwiftNIOHTTP1
    - SwiftNIOTLS
    - SwiftNIOTransportServices

SPEC CHECKSUMS:
  CNIOAtomics: d2df68d8f6469d30897eed150d79a35aa109dc6e
  CNIODarwin: c6f31835da914cc5a4f030c511cd7413e1113987
  CNIOHTTPParser: 7f83c00a479865e136fbdd08379039c42285bb12
  CNIOLinux: dba8b97f349e95b55ebc4e0e82c31f4de4c341c4
  CNIOSHA1: 6923fb2792de9ac1a747324698117db77b44fe8d
  ElasticSwift: ba66b961a06ee87e05f1f0ad460cbe0ad809fd09
  ElasticSwiftCodableUtils: aa793b16c7b763deb45a50726743141a4123ec82
  ElasticSwiftCore: 3cf70dfe6ec8971fbb1875cdcfafa9dd184129e0
  ElasticSwiftNetworking: bc3bd048d39cce22cf0a321009c73900ceef34ec
  ElasticSwiftQueryDSL: 54394132dbadd2a540218aa40181ab7014b3ec7c
  Logging: 7838d379d234d7e5ae1265fa02804a9084caf04c
  SwiftNIO: 395e7fe1e816009e569dd7d56d920aa077711afa
  SwiftNIOConcurrencyHelpers: 3e32edd4c090a1ae4eb93bc7fbb3b22a7cb439a9
  SwiftNIOFoundationCompat: 4552ee8560a7088c7cce84634c2e183d6782bb3e
  SwiftNIOHTTP1: 61ea14ac9dddc5e8ef6bf544f1498a5e99b6ceb4
  SwiftNIOTLS: 016043daf381741a5ea5a9bfdd4758845fac88f0
  SwiftNIOTransportServices: c7d36493d9bd18cbbc0115a1631533dfe1146e97

PODFILE CHECKSUM: e7af9f0f9903070a390fb7437a7ade00e5cef414

COCOAPODS: 1.9.1
