PODS:
  - CNIOAtomics (2.9.0)
  - CNIODarwin (2.9.0)
  - CNIOHTTPParser (2.9.0)
  - CNIOLinux (2.9.0)
  - CNIOSHA1 (2.9.0)
  - ElasticSwift (1.0.0-alpha.10):
    - ElasticSwiftCodableUtils (= 1.0.0-alpha.10)
    - ElasticSwiftCore (= 1.0.0-alpha.10)
    - ElasticSwiftNetworking (= 1.0.0-alpha.10)
    - ElasticSwiftQueryDSL (= 1.0.0-alpha.10)
    - Logging (~> 1.1.1)
    - SwiftNIO (~> 2.9.0)
    - SwiftNIOConcurrencyHelpers (~> 2.9.0)
    - SwiftNIOFoundationCompat (~> 2.9.0)
    - SwiftNIOHTTP1 (~> 2.9.0)
    - SwiftNIOTLS (~> 2.9.0)
    - SwiftNIOTransportServices (~> 1.2.0)
  - ElasticSwiftCodableUtils (1.0.0-alpha.10)
  - ElasticSwiftCore (1.0.0-alpha.10):
    - Logging (~> 1.1.1)
    - SwiftNIO (~> 2.9.0)
    - SwiftNIOHTTP1 (~> 2.9.0)
  - ElasticSwiftNetworking (1.0.0-alpha.10):
    - ElasticSwiftCore (= 1.0.0-alpha.10)
    - Logging (~> 1.1.1)
    - SwiftNIOHTTP1 (~> 2.9.0)
  - ElasticSwiftQueryDSL (1.0.0-alpha.10):
    - ElasticSwiftCodableUtils (= 1.0.0-alpha.10)
    - ElasticSwiftCore (= 1.0.0-alpha.10)
    - Logging (~> 1.1.1)
  - Logging (1.1.1)
  - SwiftNIO (2.9.0):
    - CNIOAtomics (= 2.9.0)
    - CNIODarwin (= 2.9.0)
    - CNIOLinux (= 2.9.0)
    - CNIOSHA1 (= 2.9.0)
    - SwiftNIOConcurrencyHelpers (= 2.9.0)
  - SwiftNIOConcurrencyHelpers (2.9.0):
    - CNIOAtomics (= 2.9.0)
  - SwiftNIOFoundationCompat (2.9.0):
    - SwiftNIO (= 2.9.0)
  - SwiftNIOHTTP1 (2.9.0):
    - CNIOHTTPParser (= 2.9.0)
    - SwiftNIO (= 2.9.0)
    - SwiftNIOConcurrencyHelpers (= 2.9.0)
  - SwiftNIOTLS (2.9.0):
    - SwiftNIO (= 2.9.0)
  - SwiftNIOTransportServices (1.2.0):
    - SwiftNIO (~> 2.0)
    - SwiftNIOConcurrencyHelpers (~> 2.0)
    - SwiftNIOFoundationCompat (~> 2.0)
    - SwiftNIOTLS (~> 2.0)

DEPENDENCIES:
  - ElasticSwift (= 1.0.0-alpha.10)

SPEC REPOS:
  trunk:
    - CNIOAtomics
    - CNIODarwin
    - CNIOHTTPParser
    - CNIOLinux
    - CNIOSHA1
    - ElasticSwift
    - ElasticSwiftCodableUtils
    - ElasticSwiftCore
    - ElasticSwiftNetworking
    - ElasticSwiftQueryDSL
    - Logging
    - SwiftNIO
    - SwiftNIOConcurrencyHelpers
    - SwiftNIOFoundationCompat
    - SwiftNIOHTTP1
    - SwiftNIOTLS
    - SwiftNIOTransportServices

SPEC CHECKSUMS:
  CNIOAtomics: 4802160b2255f43193c7ab936997c63cafd574d8
  CNIODarwin: dfafd4d2e337671aedb512dd5de339b0f324e2f1
  CNIOHTTPParser: 2d7d56c391819735486928154d70f70e5b36bbf2
  CNIOLinux: 287ed318589a4fe1854febb0c4e2e81484ec679d
  CNIOSHA1: a7ca955f1d9404ed051b1c06ec0ab00fdff7e8cf
  ElasticSwift: 9d2fe7b6a4a16a7982cb25a89f94b8324bb66b29
  ElasticSwiftCodableUtils: 8698b20fca862aea3f4e5561ec941c41f27f6024
  ElasticSwiftCore: ae1d4271d5f5f04a70c81663fd6ceddae6cacccc
  ElasticSwiftNetworking: 70e8c3cae29a2e4130191ae9ecd961e4b4ed4844
  ElasticSwiftQueryDSL: c9e532582d376730f13003124bf88935b96f2640
  Logging: c1d514914944d786e0f17a41a6431e44a88a7ec1
  SwiftNIO: 26c894626b5257824dfbab76efdf10c23803c1e6
  SwiftNIOConcurrencyHelpers: 0e8fffc1e2a086ba68f8265de62d23f5105e7a00
  SwiftNIOFoundationCompat: 137b1e061574d75da65366f4d9f5eed282a609da
  SwiftNIOHTTP1: e478bb9aa44324f5fac302ffb4b5a8fec21aef7a
  SwiftNIOTLS: bf4f84bdb35b91d93ccc9bdc574b658993eb4b57
  SwiftNIOTransportServices: 49b863dd9d8583be5cdd798013818378579a7d31

PODFILE CHECKSUM: dd542e39a73a27839310bb7f6d20ec73538aadcd

COCOAPODS: 1.8.4
